# This file is automatically @generated by Cargo.
# It is not intended for manual editing.
version = 3

[[package]]
name = "anyhow"
version = "1.0.58"
source = "registry+https://github.com/rust-lang/crates.io-index"
checksum = "bb07d2053ccdbe10e2af2995a2f116c1330396493dc1269f6a91d0ae82e19704"

[[package]]
name = "assert_matches"
version = "1.5.0"
source = "registry+https://github.com/rust-lang/crates.io-index"
checksum = "9b34d609dfbaf33d6889b2b7106d3ca345eacad44200913df5ba02bfd31d2ba9"

[[package]]
name = "astroport"
version = "1.2.0"
source = "git+https://github.com/astroport-fi/astroport-core?rev=779c0b548359ec9e5abd67a561c7c7bbaac333b6#779c0b548359ec9e5abd67a561c7c7bbaac333b6"
dependencies = [
 "cosmwasm-std 1.0.0",
 "cw-storage-plus 0.13.4",
 "cw20 0.13.4",
 "schemars",
 "serde",
 "uint",
]

[[package]]
name = "astroport"
version = "1.2.0"
source = "git+https://github.com/astroport-fi/astroport-core?rev=973aab9419229cb221023066f96b18f2edf75ba8#973aab9419229cb221023066f96b18f2edf75ba8"
dependencies = [
 "cosmwasm-std 0.16.7",
 "cw-storage-plus 0.8.1",
 "cw20 0.8.1",
 "schemars",
 "serde",
 "terra-cosmwasm",
 "uint",
]

[[package]]
name = "astroport"
version = "2.0.0"
dependencies = [
 "cosmwasm-schema 1.0.0",
 "cosmwasm-std 1.0.0",
 "cw-storage-plus 0.13.4",
 "cw20 0.13.4",
 "schemars",
 "serde",
 "uint",
]

[[package]]
name = "astroport"
version = "2.0.0"
source = "git+https://github.com/astroport-fi/astroport-core.git?branch=main#1e1f480f56272d729d2ab10dc530ad12d8d0fb28"
dependencies = [
 "cosmwasm-std 1.0.0",
 "cw-storage-plus 0.13.4",
 "cw20 0.13.4",
 "schemars",
 "serde",
 "uint",
]

[[package]]
name = "astroport-escrow-fee-distributor"
version = "1.0.0"
source = "git+https://github.com/astroport-fi/astroport-governance.git?branch=main#5792ef11eaa94cbac6112a67088e19c88fb4f531"
dependencies = [
 "astroport-governance",
 "cosmwasm-std 1.0.0",
 "cw-storage-plus 0.13.4",
 "cw2 0.13.4",
 "cw20 0.13.4",
 "schemars",
 "serde",
 "thiserror",
]

[[package]]
name = "astroport-factory"
version = "1.2.0"
dependencies = [
 "astroport 2.0.0",
 "astroport-pair",
 "astroport-token",
 "cosmwasm-schema 1.0.0",
 "cosmwasm-std 1.0.0",
 "cw-multi-test",
 "cw-storage-plus 0.13.4",
 "cw2 0.13.4",
 "cw20 0.13.4",
 "protobuf",
 "schemars",
 "serde",
 "thiserror",
]

[[package]]
name = "astroport-generator"
version = "1.1.0"
source = "git+https://github.com/astroport-fi/astroport-core?rev=779c0b548359ec9e5abd67a561c7c7bbaac333b6#779c0b548359ec9e5abd67a561c7c7bbaac333b6"
dependencies = [
 "astroport 1.2.0 (git+https://github.com/astroport-fi/astroport-core?rev=779c0b548359ec9e5abd67a561c7c7bbaac333b6)",
 "cosmwasm-std 1.0.0",
 "cw-storage-plus 0.13.4",
 "cw2 0.13.4",
 "cw20 0.13.4",
 "schemars",
 "serde",
 "thiserror",
]

[[package]]
name = "astroport-generator"
version = "1.2.0"
source = "git+https://github.com/astroport-fi/astroport-core?rev=973aab9419229cb221023066f96b18f2edf75ba8#973aab9419229cb221023066f96b18f2edf75ba8"
dependencies = [
 "astroport 1.2.0 (git+https://github.com/astroport-fi/astroport-core?rev=973aab9419229cb221023066f96b18f2edf75ba8)",
 "cosmwasm-std 0.16.7",
 "cw-storage-plus 0.8.1",
 "cw2 0.8.1",
 "cw20 0.8.1",
 "schemars",
 "serde",
 "thiserror",
]

[[package]]
name = "astroport-generator"
version = "2.0.0"
dependencies = [
 "anyhow",
 "astroport 1.2.0 (git+https://github.com/astroport-fi/astroport-core?rev=779c0b548359ec9e5abd67a561c7c7bbaac333b6)",
 "astroport 1.2.0 (git+https://github.com/astroport-fi/astroport-core?rev=973aab9419229cb221023066f96b18f2edf75ba8)",
 "astroport 2.0.0",
 "astroport-factory",
 "astroport-generator 1.1.0",
 "astroport-generator 1.2.0",
 "astroport-generator-proxy-to-mirror",
 "astroport-governance",
 "astroport-pair",
 "astroport-pair-stable",
 "astroport-staking",
 "astroport-token",
 "astroport-vesting",
 "astroport-whitelist",
 "cosmwasm-schema 1.0.0",
 "cosmwasm-std 1.0.0",
 "cw-multi-test",
 "cw-storage-plus 0.13.4",
 "cw2 0.13.4",
 "cw20 0.13.4",
 "generator-controller",
 "protobuf",
 "schemars",
 "serde",
 "thiserror",
 "voting-escrow",
]

[[package]]
name = "astroport-generator-proxy-to-mirror"
version = "1.0.0"
dependencies = [
 "astroport 2.0.0",
 "cosmwasm-schema 1.0.0",
 "cosmwasm-std 1.0.0",
 "cw-storage-plus 0.13.4",
 "cw2 0.13.4",
 "cw20 0.13.4",
 "mirror-protocol",
 "schemars",
 "serde",
 "thiserror",
]

[[package]]
name = "astroport-governance"
version = "1.1.0"
source = "git+https://github.com/astroport-fi/astroport-governance.git?branch=main#5792ef11eaa94cbac6112a67088e19c88fb4f531"
dependencies = [
 "astroport 2.0.0 (git+https://github.com/astroport-fi/astroport-core.git?branch=main)",
 "cosmwasm-std 1.0.0",
 "cw-storage-plus 0.13.4",
 "cw20 0.13.4",
 "schemars",
 "serde",
]

[[package]]
name = "astroport-maker"
version = "1.0.1"
dependencies = [
 "astroport 2.0.0",
 "astroport-escrow-fee-distributor",
 "astroport-factory",
 "astroport-governance",
 "astroport-pair",
 "astroport-token",
 "cosmwasm-schema 1.0.0",
 "cosmwasm-std 1.0.0",
 "cw-multi-test",
 "cw-storage-plus 0.13.4",
 "cw2 0.13.4",
 "cw20 0.13.4",
 "schemars",
 "serde",
 "thiserror",
]

[[package]]
name = "astroport-pair"
version = "1.0.0"
dependencies = [
 "astroport 2.0.0",
 "astroport-factory",
 "astroport-token",
 "cosmwasm-schema 1.0.0",
 "cosmwasm-std 1.0.0",
 "cw-multi-test",
 "cw-storage-plus 0.13.4",
 "cw2 0.13.4",
 "cw20 0.13.4",
 "integer-sqrt",
 "proptest 0.10.1",
 "protobuf",
 "schemars",
 "serde",
 "thiserror",
]

[[package]]
name = "astroport-pair-stable"
version = "1.0.0-fix1"
dependencies = [
 "astroport 2.0.0",
 "astroport-factory",
 "astroport-token",
 "cosmwasm-schema 0.16.7",
 "cosmwasm-std 1.0.0",
 "cw-multi-test",
 "cw-storage-plus 0.13.4",
 "cw2 0.13.4",
 "cw20 0.13.4",
 "integer-sqrt",
 "proptest 1.0.0",
 "protobuf",
 "schemars",
 "serde",
 "sim",
 "thiserror",
]

[[package]]
name = "astroport-router"
version = "1.0.0"
dependencies = [
 "astroport 2.0.0",
 "cosmwasm-schema 1.0.0",
 "cosmwasm-std 1.0.0",
 "cw-storage-plus 0.13.4",
 "cw2 0.13.4",
 "cw20 0.13.4",
 "integer-sqrt",
 "schemars",
 "serde",
 "thiserror",
]

[[package]]
name = "astroport-staking"
version = "1.0.0"
dependencies = [
 "astroport 2.0.0",
 "astroport-token",
 "cosmwasm-schema 1.0.0",
 "cosmwasm-std 1.0.0",
 "cw-multi-test",
 "cw-storage-plus 0.13.4",
 "cw2 0.13.4",
 "cw20 0.13.4",
 "protobuf",
 "schemars",
 "serde",
 "thiserror",
]

[[package]]
name = "astroport-token"
version = "1.0.0"
dependencies = [
 "astroport 2.0.0",
 "cosmwasm-schema 1.0.0",
 "cosmwasm-std 1.0.0",
 "cw2 0.13.4",
 "cw20 0.13.4",
 "cw20-base",
 "schemars",
 "serde",
 "snafu",
]

[[package]]
name = "astroport-vesting"
version = "1.0.0"
dependencies = [
 "astroport 2.0.0",
 "astroport-token",
 "cosmwasm-schema 1.0.0",
 "cosmwasm-std 1.0.0",
 "cw-multi-test",
 "cw-storage-plus 0.13.4",
 "cw2 0.13.4",
 "cw20 0.13.4",
 "schemars",
 "serde",
 "thiserror",
]

[[package]]
name = "astroport-whitelist"
version = "1.0.0"
dependencies = [
 "anyhow",
 "assert_matches",
 "astroport 2.0.0",
 "cosmwasm-schema 1.0.0",
 "cosmwasm-std 1.0.0",
 "cw-multi-test",
 "cw-storage-plus 0.13.4",
 "cw-utils",
 "cw1",
 "cw2 0.13.4",
 "derivative",
 "schemars",
 "serde",
 "thiserror",
]

[[package]]
name = "astroport-xastro-token"
version = "1.0.0"
dependencies = [
 "astroport 2.0.0",
 "cosmwasm-schema 1.0.0",
 "cosmwasm-std 1.0.0",
 "cw-multi-test",
 "cw-storage-plus 0.13.4",
 "cw2 0.13.4",
 "cw20 0.13.4",
 "cw20-base",
 "schemars",
 "serde",
 "snafu",
]

[[package]]
name = "autocfg"
version = "1.1.0"
source = "registry+https://github.com/rust-lang/crates.io-index"
checksum = "d468802bab17cbc0cc575e9b053f41e72aa36bfa6b7f55e3529ffa43161b97fa"

[[package]]
name = "base16ct"
version = "0.1.1"
source = "registry+https://github.com/rust-lang/crates.io-index"
checksum = "349a06037c7bf932dd7e7d1f653678b2038b9ad46a74102f1fc7bd7872678cce"

[[package]]
name = "base64"
version = "0.13.0"
source = "registry+https://github.com/rust-lang/crates.io-index"
checksum = "904dfeac50f3cdaba28fc6f57fdcddb75f49ed61346676a78c4ffe55877802fd"

[[package]]
name = "base64ct"
version = "1.5.1"
source = "registry+https://github.com/rust-lang/crates.io-index"
checksum = "3bdca834647821e0b13d9539a8634eb62d3501b6b6c2cec1722786ee6671b851"

[[package]]
name = "bit-set"
version = "0.5.2"
source = "registry+https://github.com/rust-lang/crates.io-index"
checksum = "6e11e16035ea35e4e5997b393eacbf6f63983188f7a2ad25bfb13465f5ad59de"
dependencies = [
 "bit-vec",
]

[[package]]
name = "bit-vec"
version = "0.6.3"
source = "registry+https://github.com/rust-lang/crates.io-index"
checksum = "349f9b6a179ed607305526ca489b34ad0a41aed5f7980fa90eb03160b69598fb"

[[package]]
name = "bitflags"
version = "1.3.2"
source = "registry+https://github.com/rust-lang/crates.io-index"
checksum = "bef38d45163c2f1dde094a7dfd33ccf595c92905c8f8f4fdc18d06fb1037718a"

[[package]]
name = "block-buffer"
version = "0.9.0"
source = "registry+https://github.com/rust-lang/crates.io-index"
checksum = "4152116fd6e9dadb291ae18fc1ec3575ed6d84c29642d97890f4b4a3417297e4"
dependencies = [
 "generic-array",
]

[[package]]
name = "byteorder"
version = "1.4.3"
source = "registry+https://github.com/rust-lang/crates.io-index"
checksum = "14c189c53d098945499cdfa7ecc63567cf3886b3332b312a5b4585d8d3a6a610"

[[package]]
name = "bytes"
version = "1.1.0"
source = "registry+https://github.com/rust-lang/crates.io-index"
checksum = "c4872d67bab6358e59559027aa3b9157c53d9358c51423c17554809a8858e0f8"

[[package]]
name = "cfg-if"
version = "1.0.0"
source = "registry+https://github.com/rust-lang/crates.io-index"
checksum = "baf1de4339761588bc0619e3cbc0120ee582ebb74b53b4efbf79117bd2da40fd"

[[package]]
name = "const-oid"
version = "0.6.2"
source = "registry+https://github.com/rust-lang/crates.io-index"
checksum = "9d6f2aa4d0537bcc1c74df8755072bd31c1ef1a3a1b85a68e8404a8c353b7b8b"

[[package]]
name = "const-oid"
version = "0.7.1"
source = "registry+https://github.com/rust-lang/crates.io-index"
checksum = "e4c78c047431fee22c1a7bb92e00ad095a02a983affe4d8a72e2a2c62c1b94f3"

[[package]]
name = "cosmwasm-crypto"
version = "0.16.7"
source = "registry+https://github.com/rust-lang/crates.io-index"
checksum = "79b110e31d47bd265e17ec88dd7328fcf40e1ee67a6131c1ab492f77fef8cd83"
dependencies = [
 "digest",
 "ed25519-zebra 2.2.0",
 "k256 0.9.6",
 "rand_core 0.5.1",
 "thiserror",
]

[[package]]
name = "cosmwasm-crypto"
version = "1.0.0"
source = "registry+https://github.com/rust-lang/crates.io-index"
checksum = "5eb0afef2325df81aadbf9be1233f522ed8f6e91df870c764bc44cca2b1415bd"
dependencies = [
 "digest",
 "ed25519-zebra 3.0.0",
 "k256 0.10.4",
 "rand_core 0.6.3",
 "thiserror",
]

[[package]]
name = "cosmwasm-derive"
version = "0.16.7"
source = "registry+https://github.com/rust-lang/crates.io-index"
checksum = "0faf9bad5eb0a43a00406e64f8d33407a06bd1826fa976195a69db70e6c18d9d"
dependencies = [
 "syn",
]

[[package]]
name = "cosmwasm-derive"
version = "1.0.0"
source = "registry+https://github.com/rust-lang/crates.io-index"
checksum = "4b36e527620a2a3e00e46b6e731ab6c9b68d11069c986f7d7be8eba79ef081a4"
dependencies = [
 "syn",
]

[[package]]
name = "cosmwasm-schema"
version = "0.16.7"
source = "registry+https://github.com/rust-lang/crates.io-index"
checksum = "b021bdefb9d855c5135e83046e5407a9fddba869e42e78b6036b53a606dc8c10"
dependencies = [
 "schemars",
 "serde_json",
]

[[package]]
name = "cosmwasm-schema"
version = "1.0.0"
source = "registry+https://github.com/rust-lang/crates.io-index"
checksum = "772e80bbad231a47a2068812b723a1ff81dd4a0d56c9391ac748177bea3a61da"
dependencies = [
 "schemars",
 "serde_json",
]

[[package]]
name = "cosmwasm-std"
version = "0.16.7"
source = "registry+https://github.com/rust-lang/crates.io-index"
checksum = "4a0d4e46ab20939af6366a71783324ae4babdedb111f0dd797d063a2e68718bc"
dependencies = [
 "base64",
 "cosmwasm-crypto 0.16.7",
 "cosmwasm-derive 0.16.7",
 "forward_ref",
 "schemars",
 "serde",
 "serde-json-wasm 0.3.2",
 "thiserror",
 "uint",
]

[[package]]
name = "cosmwasm-std"
version = "1.0.0"
source = "registry+https://github.com/rust-lang/crates.io-index"
checksum = "875994993c2082a6fcd406937bf0fca21c349e4a624f3810253a14fa83a3a195"
dependencies = [
 "base64",
 "cosmwasm-crypto 1.0.0",
 "cosmwasm-derive 1.0.0",
 "forward_ref",
 "schemars",
 "serde",
 "serde-json-wasm 0.4.1",
 "thiserror",
 "uint",
]

[[package]]
name = "cosmwasm-storage"
version = "0.16.7"
source = "registry+https://github.com/rust-lang/crates.io-index"
checksum = "c243d26ba6c49abb5ed69762648a9c664ba263debce425ad10603e7b8aa92ced"
dependencies = [
 "cosmwasm-std 0.16.7",
 "serde",
]

[[package]]
name = "cosmwasm-storage"
version = "1.0.0"
source = "registry+https://github.com/rust-lang/crates.io-index"
checksum = "d18403b07304d15d304dad11040d45bbcaf78d603b4be3fb5e2685c16f9229b5"
dependencies = [
 "cosmwasm-std 1.0.0",
 "serde",
]

[[package]]
name = "cpufeatures"
version = "0.2.2"
source = "registry+https://github.com/rust-lang/crates.io-index"
checksum = "59a6001667ab124aebae2a495118e11d30984c3a653e99d86d58971708cf5e4b"
dependencies = [
 "libc",
]

[[package]]
name = "crunchy"
version = "0.2.2"
source = "registry+https://github.com/rust-lang/crates.io-index"
checksum = "7a81dae078cea95a014a339291cec439d2f232ebe854a9d672b796c6afafa9b7"

[[package]]
name = "crypto-bigint"
version = "0.2.11"
source = "registry+https://github.com/rust-lang/crates.io-index"
checksum = "f83bd3bb4314701c568e340cd8cf78c975aa0ca79e03d3f6d1677d5b0c9c0c03"
dependencies = [
 "generic-array",
 "rand_core 0.6.3",
 "subtle",
 "zeroize",
]

[[package]]
name = "crypto-bigint"
version = "0.3.2"
source = "registry+https://github.com/rust-lang/crates.io-index"
checksum = "03c6a1d5fa1de37e071642dfa44ec552ca5b299adb128fab16138e24b548fd21"
dependencies = [
 "generic-array",
 "rand_core 0.6.3",
 "subtle",
 "zeroize",
]

[[package]]
name = "crypto-mac"
version = "0.11.1"
source = "registry+https://github.com/rust-lang/crates.io-index"
checksum = "b1d1a86f49236c215f271d40892d5fc950490551400b02ef360692c29815c714"
dependencies = [
 "generic-array",
 "subtle",
]

[[package]]
name = "ctor"
version = "0.1.22"
source = "registry+https://github.com/rust-lang/crates.io-index"
checksum = "f877be4f7c9f246b183111634f75baa039715e3f46ce860677d3b19a69fb229c"
dependencies = [
 "quote",
 "syn",
]

[[package]]
name = "curve25519-dalek"
version = "3.2.0"
source = "registry+https://github.com/rust-lang/crates.io-index"
checksum = "0b9fdf9972b2bd6af2d913799d9ebc165ea4d2e65878e329d9c6b372c4491b61"
dependencies = [
 "byteorder",
 "digest",
 "rand_core 0.5.1",
 "subtle",
 "zeroize",
]

[[package]]
name = "cw-multi-test"
version = "0.13.4"
source = "registry+https://github.com/rust-lang/crates.io-index"
checksum = "a3f9a8ab7c3c29ec93cb7a39ce4b14a05e053153b4a17ef7cf2246af1b7c087e"
dependencies = [
 "anyhow",
 "cosmwasm-std 1.0.0",
 "cosmwasm-storage 1.0.0",
 "cw-storage-plus 0.13.4",
 "cw-utils",
 "derivative",
 "itertools",
 "prost",
 "schemars",
 "serde",
 "thiserror",
]

[[package]]
name = "cw-storage-plus"
version = "0.8.1"
source = "registry+https://github.com/rust-lang/crates.io-index"
checksum = "c1e867b9972b83b32e00e878dfbff48299ba26618dabeb19b9c56fae176dc225"
dependencies = [
 "cosmwasm-std 0.16.7",
 "schemars",
 "serde",
]

[[package]]
name = "cw-storage-plus"
version = "0.13.4"
source = "registry+https://github.com/rust-lang/crates.io-index"
checksum = "648b1507290bbc03a8d88463d7cd9b04b1fa0155e5eef366c4fa052b9caaac7a"
dependencies = [
 "cosmwasm-std 1.0.0",
 "schemars",
 "serde",
]

[[package]]
name = "cw-utils"
version = "0.13.4"
source = "registry+https://github.com/rust-lang/crates.io-index"
checksum = "9dbaecb78c8e8abfd6b4258c7f4fbeb5c49a5e45ee4d910d3240ee8e1d714e1b"
dependencies = [
 "cosmwasm-std 1.0.0",
 "schemars",
 "serde",
 "thiserror",
]

[[package]]
name = "cw0"
version = "0.8.1"
source = "registry+https://github.com/rust-lang/crates.io-index"
checksum = "c497f885a40918a02df7d938c81809965fa05cfc21b3dc591e9950237b5de0a9"
dependencies = [
 "cosmwasm-std 0.16.7",
 "schemars",
 "serde",
 "thiserror",
]

[[package]]
name = "cw1"
version = "0.13.4"
source = "registry+https://github.com/rust-lang/crates.io-index"
checksum = "362649aa18f898ff8a7a18f2bfc5568e9ba56417f3c9ce0e01bc32ccb2e125e0"
dependencies = [
 "cosmwasm-std 1.0.0",
 "schemars",
 "serde",
]

[[package]]
name = "cw2"
version = "0.8.1"
source = "registry+https://github.com/rust-lang/crates.io-index"
checksum = "4d48454f96494aa1018556cd457977375cc8c57ef3e5c767cfa2ea5ec24b0258"
dependencies = [
 "cosmwasm-std 0.16.7",
 "cw-storage-plus 0.8.1",
 "schemars",
 "serde",
]

[[package]]
name = "cw2"
version = "0.13.4"
source = "registry+https://github.com/rust-lang/crates.io-index"
checksum = "04cf4639517490dd36b333bbd6c4fbd92e325fd0acf4683b41753bc5eb63bfc1"
dependencies = [
 "cosmwasm-std 1.0.0",
 "cw-storage-plus 0.13.4",
 "schemars",
 "serde",
]

[[package]]
name = "cw20"
version = "0.8.1"
source = "registry+https://github.com/rust-lang/crates.io-index"
checksum = "a11a2adbd52258f5b4ed5323f62bc6e559f2cefbe52ef0e58290016fde5bb083"
dependencies = [
 "cosmwasm-std 0.16.7",
 "cw0",
 "schemars",
 "serde",
]

[[package]]
name = "cw20"
version = "0.13.4"
source = "registry+https://github.com/rust-lang/crates.io-index"
checksum = "4cb782b8f110819a4eb5dbbcfed25ffba49ec16bbe32b4ad8da50a5ce68fec05"
dependencies = [
 "cosmwasm-std 1.0.0",
 "cw-utils",
 "schemars",
 "serde",
]

[[package]]
name = "cw20-base"
version = "0.13.4"
source = "registry+https://github.com/rust-lang/crates.io-index"
checksum = "0306e606581f4fb45e82bcbb7f0333179ed53dd949c6523f01a99b4bfc1475a0"
dependencies = [
 "cosmwasm-std 1.0.0",
 "cw-storage-plus 0.13.4",
 "cw-utils",
 "cw2 0.13.4",
 "cw20 0.13.4",
 "schemars",
 "serde",
 "thiserror",
]

[[package]]
name = "der"
version = "0.4.5"
source = "registry+https://github.com/rust-lang/crates.io-index"
checksum = "79b71cca7d95d7681a4b3b9cdf63c8dbc3730d0584c2c74e31416d64a90493f4"
dependencies = [
 "const-oid 0.6.2",
]

[[package]]
name = "der"
version = "0.5.1"
source = "registry+https://github.com/rust-lang/crates.io-index"
checksum = "6919815d73839e7ad218de758883aae3a257ba6759ce7a9992501efbb53d705c"
dependencies = [
 "const-oid 0.7.1",
]

[[package]]
name = "derivative"
version = "2.2.0"
source = "registry+https://github.com/rust-lang/crates.io-index"
checksum = "fcc3dd5e9e9c0b295d6e1e4d811fb6f157d5ffd784b8d202fc62eac8035a770b"
dependencies = [
 "proc-macro2",
 "quote",
 "syn",
]

[[package]]
name = "digest"
version = "0.9.0"
source = "registry+https://github.com/rust-lang/crates.io-index"
checksum = "d3dd60d1080a57a05ab032377049e0591415d2b31afd7028356dbf3cc6dcb066"
dependencies = [
 "generic-array",
]

[[package]]
name = "doc-comment"
version = "0.3.3"
source = "registry+https://github.com/rust-lang/crates.io-index"
checksum = "fea41bba32d969b513997752735605054bc0dfa92b4c56bf1189f2e174be7a10"

[[package]]
name = "dyn-clone"
version = "1.0.6"
source = "registry+https://github.com/rust-lang/crates.io-index"
checksum = "140206b78fb2bc3edbcfc9b5ccbd0b30699cfe8d348b8b31b330e47df5291a5a"

[[package]]
name = "ecdsa"
version = "0.12.4"
source = "registry+https://github.com/rust-lang/crates.io-index"
checksum = "43ee23aa5b4f68c7a092b5c3beb25f50c406adc75e2363634f242f28ab255372"
dependencies = [
 "der 0.4.5",
 "elliptic-curve 0.10.6",
 "hmac",
 "signature",
]

[[package]]
name = "ecdsa"
version = "0.13.4"
source = "registry+https://github.com/rust-lang/crates.io-index"
checksum = "d0d69ae62e0ce582d56380743515fefaf1a8c70cec685d9677636d7e30ae9dc9"
dependencies = [
 "der 0.5.1",
 "elliptic-curve 0.11.12",
 "rfc6979",
 "signature",
]

[[package]]
name = "ed25519-zebra"
version = "2.2.0"
source = "registry+https://github.com/rust-lang/crates.io-index"
checksum = "0a128b76af6dd4b427e34a6fd43dc78dbfe73672ec41ff615a2414c1a0ad0409"
dependencies = [
 "curve25519-dalek",
 "hex",
 "rand_core 0.5.1",
 "serde",
 "sha2",
 "thiserror",
]

[[package]]
name = "ed25519-zebra"
version = "3.0.0"
source = "registry+https://github.com/rust-lang/crates.io-index"
checksum = "403ef3e961ab98f0ba902771d29f842058578bb1ce7e3c59dad5a6a93e784c69"
dependencies = [
 "curve25519-dalek",
 "hex",
 "rand_core 0.6.3",
 "serde",
 "sha2",
 "thiserror",
 "zeroize",
]

[[package]]
name = "either"
version = "1.7.0"
source = "registry+https://github.com/rust-lang/crates.io-index"
checksum = "3f107b87b6afc2a64fd13cac55fe06d6c8859f12d4b14cbcdd2c67d0976781be"

[[package]]
name = "elliptic-curve"
version = "0.10.6"
source = "registry+https://github.com/rust-lang/crates.io-index"
checksum = "beca177dcb8eb540133e7680baff45e7cc4d93bf22002676cec549f82343721b"
dependencies = [
 "crypto-bigint 0.2.11",
 "ff 0.10.1",
 "generic-array",
 "group 0.10.0",
 "pkcs8 0.7.6",
 "rand_core 0.6.3",
 "subtle",
 "zeroize",
]

[[package]]
name = "elliptic-curve"
version = "0.11.12"
source = "registry+https://github.com/rust-lang/crates.io-index"
checksum = "25b477563c2bfed38a3b7a60964c49e058b2510ad3f12ba3483fd8f62c2306d6"
dependencies = [
 "base16ct",
 "crypto-bigint 0.3.2",
 "der 0.5.1",
 "ff 0.11.1",
 "generic-array",
 "group 0.11.0",
 "rand_core 0.6.3",
 "sec1",
 "subtle",
 "zeroize",
]

[[package]]
name = "fastrand"
version = "1.7.0"
source = "registry+https://github.com/rust-lang/crates.io-index"
checksum = "c3fcf0cee53519c866c09b5de1f6c56ff9d647101f81c1964fa632e148896cdf"
dependencies = [
 "instant",
]

[[package]]
name = "ff"
version = "0.10.1"
source = "registry+https://github.com/rust-lang/crates.io-index"
checksum = "d0f40b2dcd8bc322217a5f6559ae5f9e9d1de202a2ecee2e9eafcbece7562a4f"
dependencies = [
 "rand_core 0.6.3",
 "subtle",
]

[[package]]
name = "ff"
version = "0.11.1"
source = "registry+https://github.com/rust-lang/crates.io-index"
checksum = "131655483be284720a17d74ff97592b8e76576dc25563148601df2d7c9080924"
dependencies = [
 "rand_core 0.6.3",
 "subtle",
]

[[package]]
name = "fnv"
version = "1.0.7"
source = "registry+https://github.com/rust-lang/crates.io-index"
checksum = "3f9eec918d3f24069decb9af1554cad7c880e2da24a9afd88aca000531ab82c1"

[[package]]
name = "forward_ref"
version = "1.0.0"
source = "registry+https://github.com/rust-lang/crates.io-index"
checksum = "c8cbd1169bd7b4a0a20d92b9af7a7e0422888bd38a6f5ec29c1fd8c1558a272e"

[[package]]
name = "generator-controller"
version = "1.1.0"
source = "git+https://github.com/astroport-fi/astroport-governance.git?branch=main#5792ef11eaa94cbac6112a67088e19c88fb4f531"
dependencies = [
 "astroport-governance",
 "cosmwasm-std 1.0.0",
 "cw-storage-plus 0.13.4",
 "cw2 0.13.4",
 "cw20 0.13.4",
 "itertools",
 "schemars",
 "serde",
 "thiserror",
]

[[package]]
name = "generic-array"
version = "0.14.5"
source = "registry+https://github.com/rust-lang/crates.io-index"
checksum = "fd48d33ec7f05fbfa152300fdad764757cbded343c1aa1cff2fbaf4134851803"
dependencies = [
 "typenum",
 "version_check",
]

[[package]]
name = "getrandom"
version = "0.1.16"
source = "registry+https://github.com/rust-lang/crates.io-index"
checksum = "8fc3cb4d91f53b50155bdcfd23f6a4c39ae1969c2ae85982b135750cccaf5fce"
dependencies = [
 "cfg-if",
 "libc",
 "wasi 0.9.0+wasi-snapshot-preview1",
]

[[package]]
name = "getrandom"
version = "0.2.7"
source = "registry+https://github.com/rust-lang/crates.io-index"
checksum = "4eb1a864a501629691edf6c15a593b7a51eebaa1e8468e9ddc623de7c9b58ec6"
dependencies = [
 "cfg-if",
 "libc",
 "wasi 0.11.0+wasi-snapshot-preview1",
]

[[package]]
name = "ghost"
version = "0.1.5"
source = "registry+https://github.com/rust-lang/crates.io-index"
checksum = "b93490550b1782c589a350f2211fff2e34682e25fed17ef53fc4fa8fe184975e"
dependencies = [
 "proc-macro2",
 "quote",
 "syn",
]

[[package]]
name = "group"
version = "0.10.0"
source = "registry+https://github.com/rust-lang/crates.io-index"
checksum = "1c363a5301b8f153d80747126a04b3c82073b9fe3130571a9d170cacdeaf7912"
dependencies = [
 "ff 0.10.1",
 "rand_core 0.6.3",
 "subtle",
]

[[package]]
name = "group"
version = "0.11.0"
source = "registry+https://github.com/rust-lang/crates.io-index"
checksum = "bc5ac374b108929de78460075f3dc439fa66df9d8fc77e8f12caa5165fcf0c89"
dependencies = [
 "ff 0.11.1",
 "rand_core 0.6.3",
 "subtle",
]

[[package]]
name = "hex"
version = "0.4.3"
source = "registry+https://github.com/rust-lang/crates.io-index"
checksum = "7f24254aa9a54b5c858eaee2f5bccdb46aaf0e486a595ed5fd8f86ba55232a70"

[[package]]
name = "hmac"
version = "0.11.0"
source = "registry+https://github.com/rust-lang/crates.io-index"
checksum = "2a2a2320eb7ec0ebe8da8f744d7812d9fc4cb4d09344ac01898dbcb6a20ae69b"
dependencies = [
 "crypto-mac",
 "digest",
]

[[package]]
name = "indoc"
version = "0.3.6"
source = "registry+https://github.com/rust-lang/crates.io-index"
checksum = "47741a8bc60fb26eb8d6e0238bbb26d8575ff623fdc97b1a2c00c050b9684ed8"
dependencies = [
 "indoc-impl",
 "proc-macro-hack",
]

[[package]]
name = "indoc-impl"
version = "0.3.6"
source = "registry+https://github.com/rust-lang/crates.io-index"
checksum = "ce046d161f000fffde5f432a0d034d0341dc152643b2598ed5bfce44c4f3a8f0"
dependencies = [
 "proc-macro-hack",
 "proc-macro2",
 "quote",
 "syn",
 "unindent",
]

[[package]]
name = "instant"
version = "0.1.12"
source = "registry+https://github.com/rust-lang/crates.io-index"
checksum = "7a5bbe824c507c5da5956355e86a746d82e0e1464f65d862cc5e71da70e94b2c"
dependencies = [
 "cfg-if",
]

[[package]]
name = "integer-sqrt"
version = "0.1.5"
source = "registry+https://github.com/rust-lang/crates.io-index"
checksum = "276ec31bcb4a9ee45f58bec6f9ec700ae4cf4f4f8f2fa7e06cb406bd5ffdd770"
dependencies = [
 "num-traits",
]

[[package]]
name = "inventory"
version = "0.1.11"
source = "registry+https://github.com/rust-lang/crates.io-index"
checksum = "f0eb5160c60ba1e809707918ee329adb99d222888155835c6feedba19f6c3fd4"
dependencies = [
 "ctor",
 "ghost",
 "inventory-impl",
]

[[package]]
name = "inventory-impl"
version = "0.1.11"
source = "registry+https://github.com/rust-lang/crates.io-index"
checksum = "7e41b53715c6f0c4be49510bb82dee2c1e51c8586d885abe65396e82ed518548"
dependencies = [
 "proc-macro2",
 "quote",
 "syn",
]

[[package]]
name = "itertools"
version = "0.10.3"
source = "registry+https://github.com/rust-lang/crates.io-index"
checksum = "a9a9d19fa1e79b6215ff29b9d6880b706147f16e9b1dbb1e4e5947b5b02bc5e3"
dependencies = [
 "either",
]

[[package]]
name = "itoa"
version = "1.0.2"
source = "registry+https://github.com/rust-lang/crates.io-index"
checksum = "112c678d4050afce233f4f2852bb2eb519230b3cf12f33585275537d7e41578d"

[[package]]
name = "k256"
version = "0.9.6"
source = "registry+https://github.com/rust-lang/crates.io-index"
checksum = "903ae2481bcdfdb7b68e0a9baa4b7c9aff600b9ae2e8e5bb5833b8c91ab851ea"
dependencies = [
 "cfg-if",
 "ecdsa 0.12.4",
 "elliptic-curve 0.10.6",
 "sha2",
]

[[package]]
name = "k256"
version = "0.10.4"
source = "registry+https://github.com/rust-lang/crates.io-index"
checksum = "19c3a5e0a0b8450278feda242592512e09f61c72e018b8cd5c859482802daf2d"
dependencies = [
 "cfg-if",
 "ecdsa 0.13.4",
 "elliptic-curve 0.11.12",
 "sec1",
 "sha2",
]

[[package]]
name = "lazy_static"
version = "1.4.0"
source = "registry+https://github.com/rust-lang/crates.io-index"
checksum = "e2abad23fbc42b3700f2f279844dc832adb2b2eb069b2df918f455c4e18cc646"

[[package]]
name = "libc"
version = "0.2.126"
source = "registry+https://github.com/rust-lang/crates.io-index"
checksum = "349d5a591cd28b49e1d1037471617a32ddcda5731b99419008085f72d5a53836"

[[package]]
name = "lock_api"
version = "0.4.7"
source = "registry+https://github.com/rust-lang/crates.io-index"
checksum = "327fa5b6a6940e4699ec49a9beae1ea4845c6bab9314e4f84ac68742139d8c53"
dependencies = [
 "autocfg",
 "scopeguard",
]

[[package]]
name = "mirror-protocol"
version = "2.1.1"
source = "registry+https://github.com/rust-lang/crates.io-index"
checksum = "68b4a3ba65a8fd11cd24862cc49a2c4eebb98e8dfd38d43df72145cde19d9ca6"
dependencies = [
 "cosmwasm-std 0.16.7",
 "cosmwasm-storage 0.16.7",
 "cw20 0.8.1",
 "schemars",
 "serde",
 "terraswap",
]

[[package]]
name = "num-traits"
version = "0.2.15"
source = "registry+https://github.com/rust-lang/crates.io-index"
checksum = "578ede34cf02f8924ab9447f50c28075b4d3e5b269972345e7e0372b38c6cdcd"
dependencies = [
 "autocfg",
]

[[package]]
name = "opaque-debug"
version = "0.3.0"
source = "registry+https://github.com/rust-lang/crates.io-index"
checksum = "624a8340c38c1b80fd549087862da4ba43e08858af025b236e509b6649fc13d5"

[[package]]
name = "parking_lot"
version = "0.11.2"
source = "registry+https://github.com/rust-lang/crates.io-index"
checksum = "7d17b78036a60663b797adeaee46f5c9dfebb86948d1255007a1d6be0271ff99"
dependencies = [
 "instant",
 "lock_api",
 "parking_lot_core",
]

[[package]]
name = "parking_lot_core"
version = "0.8.5"
source = "registry+https://github.com/rust-lang/crates.io-index"
checksum = "d76e8e1493bcac0d2766c42737f34458f1c8c50c0d23bcb24ea953affb273216"
dependencies = [
 "cfg-if",
 "instant",
 "libc",
 "redox_syscall",
 "smallvec",
 "winapi",
]

[[package]]
name = "paste"
version = "0.1.18"
source = "registry+https://github.com/rust-lang/crates.io-index"
checksum = "45ca20c77d80be666aef2b45486da86238fabe33e38306bd3118fe4af33fa880"
dependencies = [
 "paste-impl",
 "proc-macro-hack",
]

[[package]]
name = "paste-impl"
version = "0.1.18"
source = "registry+https://github.com/rust-lang/crates.io-index"
checksum = "d95a7db200b97ef370c8e6de0088252f7e0dfff7d047a28528e47456c0fc98b6"
dependencies = [
 "proc-macro-hack",
]

[[package]]
name = "pkcs8"
version = "0.7.6"
source = "registry+https://github.com/rust-lang/crates.io-index"
checksum = "ee3ef9b64d26bad0536099c816c6734379e45bbd5f14798def6809e5cc350447"
dependencies = [
 "der 0.4.5",
 "spki 0.4.1",
]

[[package]]
name = "pkcs8"
version = "0.8.0"
source = "registry+https://github.com/rust-lang/crates.io-index"
checksum = "7cabda3fb821068a9a4fab19a683eac3af12edf0f34b94a8be53c4972b8149d0"
dependencies = [
 "der 0.5.1",
 "spki 0.5.4",
 "zeroize",
]

[[package]]
name = "ppv-lite86"
version = "0.2.16"
source = "registry+https://github.com/rust-lang/crates.io-index"
checksum = "eb9f9e6e233e5c4a35559a617bf40a4ec447db2e84c20b55a6f83167b7e57872"

[[package]]
name = "proc-macro-hack"
version = "0.5.19"
source = "registry+https://github.com/rust-lang/crates.io-index"
checksum = "dbf0c48bc1d91375ae5c3cd81e3722dff1abcf81a30960240640d223f59fe0e5"

[[package]]
name = "proc-macro2"
version = "1.0.40"
source = "registry+https://github.com/rust-lang/crates.io-index"
checksum = "dd96a1e8ed2596c337f8eae5f24924ec83f5ad5ab21ea8e455d3566c69fbcaf7"
dependencies = [
 "unicode-ident",
]

[[package]]
name = "proptest"
version = "0.10.1"
source = "registry+https://github.com/rust-lang/crates.io-index"
checksum = "12e6c80c1139113c28ee4670dc50cc42915228b51f56a9e407f0ec60f966646f"
dependencies = [
 "bit-set",
 "bitflags",
 "byteorder",
 "lazy_static",
 "num-traits",
 "quick-error 1.2.3",
 "rand 0.7.3",
 "rand_chacha 0.2.2",
 "rand_xorshift 0.2.0",
 "regex-syntax",
 "rusty-fork",
 "tempfile",
]

[[package]]
name = "proptest"
version = "1.0.0"
source = "registry+https://github.com/rust-lang/crates.io-index"
checksum = "1e0d9cc07f18492d879586c92b485def06bc850da3118075cd45d50e9c95b0e5"
dependencies = [
 "bit-set",
 "bitflags",
 "byteorder",
 "lazy_static",
 "num-traits",
 "quick-error 2.0.1",
 "rand 0.8.5",
 "rand_chacha 0.3.1",
 "rand_xorshift 0.3.0",
 "regex-syntax",
 "rusty-fork",
 "tempfile",
]

[[package]]
name = "prost"
version = "0.9.0"
source = "registry+https://github.com/rust-lang/crates.io-index"
checksum = "444879275cb4fd84958b1a1d5420d15e6fcf7c235fe47f053c9c2a80aceb6001"
dependencies = [
 "bytes",
 "prost-derive",
]

[[package]]
name = "prost-derive"
version = "0.9.0"
source = "registry+https://github.com/rust-lang/crates.io-index"
checksum = "f9cc1a3263e07e0bf68e96268f37665207b49560d98739662cdfaae215c720fe"
dependencies = [
 "anyhow",
 "itertools",
 "proc-macro2",
 "quote",
 "syn",
]

[[package]]
name = "protobuf"
version = "2.27.1"
source = "registry+https://github.com/rust-lang/crates.io-index"
checksum = "cf7e6d18738ecd0902d30d1ad232c9125985a3422929b16c65517b38adc14f96"
dependencies = [
 "bytes",
]

[[package]]
name = "pyo3"
version = "0.12.4"
source = "registry+https://github.com/rust-lang/crates.io-index"
checksum = "bf6bbbe8f70d179260b3728e5d04eb012f4f0c7988e58c11433dd689cecaa72e"
dependencies = [
 "ctor",
 "indoc",
 "inventory",
 "libc",
 "parking_lot",
 "paste",
 "pyo3cls",
 "unindent",
]

[[package]]
name = "pyo3-derive-backend"
version = "0.12.4"
source = "registry+https://github.com/rust-lang/crates.io-index"
checksum = "10ecd0eb6ed7b3d9965b4f4370b5b9e99e3e5e8742000e1c452c018f8c2a322f"
dependencies = [
 "proc-macro2",
 "quote",
 "syn",
]

[[package]]
name = "pyo3cls"
version = "0.12.4"
source = "registry+https://github.com/rust-lang/crates.io-index"
checksum = "d344fdaa6a834a06dd1720ff104ea12fe101dad2e8db89345af9db74c0bb11a0"
dependencies = [
 "pyo3-derive-backend",
 "quote",
 "syn",
]

[[package]]
name = "quick-error"
version = "1.2.3"
source = "registry+https://github.com/rust-lang/crates.io-index"
checksum = "a1d01941d82fa2ab50be1e79e6714289dd7cde78eba4c074bc5a4374f650dfe0"

[[package]]
name = "quick-error"
version = "2.0.1"
source = "registry+https://github.com/rust-lang/crates.io-index"
checksum = "a993555f31e5a609f617c12db6250dedcac1b0a85076912c436e6fc9b2c8e6a3"

[[package]]
name = "quote"
version = "1.0.20"
source = "registry+https://github.com/rust-lang/crates.io-index"
checksum = "3bcdf212e9776fbcb2d23ab029360416bb1706b1aea2d1a5ba002727cbcab804"
dependencies = [
 "proc-macro2",
]

[[package]]
name = "rand"
version = "0.7.3"
source = "registry+https://github.com/rust-lang/crates.io-index"
checksum = "6a6b1679d49b24bbfe0c803429aa1874472f50d9b363131f0e89fc356b544d03"
dependencies = [
 "getrandom 0.1.16",
 "libc",
 "rand_chacha 0.2.2",
 "rand_core 0.5.1",
 "rand_hc",
]

[[package]]
name = "rand"
version = "0.8.5"
source = "registry+https://github.com/rust-lang/crates.io-index"
checksum = "34af8d1a0e25924bc5b7c43c079c942339d8f0a8b57c39049bef581b46327404"
dependencies = [
 "libc",
 "rand_chacha 0.3.1",
 "rand_core 0.6.3",
]

[[package]]
name = "rand_chacha"
version = "0.2.2"
source = "registry+https://github.com/rust-lang/crates.io-index"
checksum = "f4c8ed856279c9737206bf725bf36935d8666ead7aa69b52be55af369d193402"
dependencies = [
 "ppv-lite86",
 "rand_core 0.5.1",
]

[[package]]
name = "rand_chacha"
version = "0.3.1"
source = "registry+https://github.com/rust-lang/crates.io-index"
checksum = "e6c10a63a0fa32252be49d21e7709d4d4baf8d231c2dbce1eaa8141b9b127d88"
dependencies = [
 "ppv-lite86",
 "rand_core 0.6.3",
]

[[package]]
name = "rand_core"
version = "0.5.1"
source = "registry+https://github.com/rust-lang/crates.io-index"
checksum = "90bde5296fc891b0cef12a6d03ddccc162ce7b2aff54160af9338f8d40df6d19"
dependencies = [
 "getrandom 0.1.16",
]

[[package]]
name = "rand_core"
version = "0.6.3"
source = "registry+https://github.com/rust-lang/crates.io-index"
checksum = "d34f1408f55294453790c48b2f1ebbb1c5b4b7563eb1f418bcfcfdbb06ebb4e7"
dependencies = [
 "getrandom 0.2.7",
]

[[package]]
name = "rand_hc"
version = "0.2.0"
source = "registry+https://github.com/rust-lang/crates.io-index"
checksum = "ca3129af7b92a17112d59ad498c6f81eaf463253766b90396d39ea7a39d6613c"
dependencies = [
 "rand_core 0.5.1",
]

[[package]]
name = "rand_xorshift"
version = "0.2.0"
source = "registry+https://github.com/rust-lang/crates.io-index"
checksum = "77d416b86801d23dde1aa643023b775c3a462efc0ed96443add11546cdf1dca8"
dependencies = [
 "rand_core 0.5.1",
]

[[package]]
name = "rand_xorshift"
version = "0.3.0"
source = "registry+https://github.com/rust-lang/crates.io-index"
checksum = "d25bf25ec5ae4a3f1b92f929810509a2f53d7dca2f50b794ff57e3face536c8f"
dependencies = [
 "rand_core 0.6.3",
]

[[package]]
name = "redox_syscall"
version = "0.2.13"
source = "registry+https://github.com/rust-lang/crates.io-index"
checksum = "62f25bc4c7e55e0b0b7a1d43fb893f4fa1361d0abe38b9ce4f323c2adfe6ef42"
dependencies = [
 "bitflags",
]

[[package]]
name = "regex-syntax"
version = "0.6.27"
source = "registry+https://github.com/rust-lang/crates.io-index"
checksum = "a3f87b73ce11b1619a3c6332f45341e0047173771e8b8b73f87bfeefb7b56244"

[[package]]
name = "remove_dir_all"
version = "0.5.3"
source = "registry+https://github.com/rust-lang/crates.io-index"
checksum = "3acd125665422973a33ac9d3dd2df85edad0f4ae9b00dafb1a05e43a9f5ef8e7"
dependencies = [
 "winapi",
]

[[package]]
name = "rfc6979"
version = "0.1.0"
source = "registry+https://github.com/rust-lang/crates.io-index"
checksum = "96ef608575f6392792f9ecf7890c00086591d29a83910939d430753f7c050525"
dependencies = [
 "crypto-bigint 0.3.2",
 "hmac",
 "zeroize",
]

[[package]]
name = "rusty-fork"
version = "0.3.0"
source = "registry+https://github.com/rust-lang/crates.io-index"
checksum = "cb3dcc6e454c328bb824492db107ab7c0ae8fcffe4ad210136ef014458c1bc4f"
dependencies = [
 "fnv",
 "quick-error 1.2.3",
 "tempfile",
 "wait-timeout",
]

[[package]]
name = "ryu"
version = "1.0.10"
source = "registry+https://github.com/rust-lang/crates.io-index"
checksum = "f3f6f92acf49d1b98f7a81226834412ada05458b7364277387724a237f062695"

[[package]]
name = "schemars"
version = "0.8.10"
source = "registry+https://github.com/rust-lang/crates.io-index"
checksum = "1847b767a3d62d95cbf3d8a9f0e421cf57a0d8aa4f411d4b16525afb0284d4ed"
dependencies = [
 "dyn-clone",
 "schemars_derive",
 "serde",
 "serde_json",
]

[[package]]
name = "schemars_derive"
version = "0.8.10"
source = "registry+https://github.com/rust-lang/crates.io-index"
checksum = "af4d7e1b012cb3d9129567661a63755ea4b8a7386d339dc945ae187e403c6743"
dependencies = [
 "proc-macro2",
 "quote",
 "serde_derive_internals",
 "syn",
]

[[package]]
name = "scopeguard"
version = "1.1.0"
source = "registry+https://github.com/rust-lang/crates.io-index"
checksum = "d29ab0c6d3fc0ee92fe66e2d99f700eab17a8d57d1c1d3b748380fb20baa78cd"

[[package]]
name = "sec1"
version = "0.2.1"
source = "registry+https://github.com/rust-lang/crates.io-index"
checksum = "08da66b8b0965a5555b6bd6639e68ccba85e1e2506f5fbb089e93f8a04e1a2d1"
dependencies = [
 "der 0.5.1",
 "generic-array",
 "pkcs8 0.8.0",
 "subtle",
 "zeroize",
]

[[package]]
name = "serde"
version = "1.0.139"
source = "registry+https://github.com/rust-lang/crates.io-index"
checksum = "0171ebb889e45aa68b44aee0859b3eede84c6f5f5c228e6f140c0b2a0a46cad6"
dependencies = [
 "serde_derive",
]

[[package]]
name = "serde-json-wasm"
version = "0.3.2"
source = "registry+https://github.com/rust-lang/crates.io-index"
checksum = "042ac496d97e5885149d34139bad1d617192770d7eb8f1866da2317ff4501853"
dependencies = [
 "serde",
]

[[package]]
name = "serde-json-wasm"
version = "0.4.1"
source = "registry+https://github.com/rust-lang/crates.io-index"
checksum = "479b4dbc401ca13ee8ce902851b834893251404c4f3c65370a49e047a6be09a5"
dependencies = [
 "serde",
]

[[package]]
name = "serde_derive"
version = "1.0.139"
source = "registry+https://github.com/rust-lang/crates.io-index"
checksum = "dc1d3230c1de7932af58ad8ffbe1d784bd55efd5a9d84ac24f69c72d83543dfb"
dependencies = [
 "proc-macro2",
 "quote",
 "syn",
]

[[package]]
name = "serde_derive_internals"
version = "0.26.0"
source = "registry+https://github.com/rust-lang/crates.io-index"
checksum = "85bf8229e7920a9f636479437026331ce11aa132b4dde37d121944a44d6e5f3c"
dependencies = [
 "proc-macro2",
 "quote",
 "syn",
]

[[package]]
name = "serde_json"
version = "1.0.82"
source = "registry+https://github.com/rust-lang/crates.io-index"
checksum = "82c2c1fdcd807d1098552c5b9a36e425e42e9fbd7c6a37a8425f390f781f7fa7"
dependencies = [
 "itoa",
 "ryu",
 "serde",
]

[[package]]
name = "sha2"
version = "0.9.9"
source = "registry+https://github.com/rust-lang/crates.io-index"
checksum = "4d58a1e1bf39749807d89cf2d98ac2dfa0ff1cb3faa38fbb64dd88ac8013d800"
dependencies = [
 "block-buffer",
 "cfg-if",
 "cpufeatures",
 "digest",
 "opaque-debug",
]

[[package]]
name = "signature"
version = "1.3.2"
source = "registry+https://github.com/rust-lang/crates.io-index"
checksum = "f2807892cfa58e081aa1f1111391c7a0649d4fa127a4ffbe34bcbfb35a1171a4"
dependencies = [
 "digest",
 "rand_core 0.6.3",
]

[[package]]
name = "sim"
version = "0.1.0"
source = "git+https://github.com/astroport-fi/astroport-sims.git?rev=d617510737ee2c529d3aaa7afbdac5ccb5a385c9#d617510737ee2c529d3aaa7afbdac5ccb5a385c9"
dependencies = [
 "pyo3",
]

[[package]]
name = "smallvec"
version = "1.9.0"
source = "registry+https://github.com/rust-lang/crates.io-index"
checksum = "2fd0db749597d91ff862fd1d55ea87f7855a744a8425a64695b6fca237d1dad1"

[[package]]
name = "snafu"
version = "0.6.10"
source = "registry+https://github.com/rust-lang/crates.io-index"
checksum = "eab12d3c261b2308b0d80c26fffb58d17eba81a4be97890101f416b478c79ca7"
dependencies = [
 "doc-comment",
 "snafu-derive",
]

[[package]]
name = "snafu-derive"
version = "0.6.10"
source = "registry+https://github.com/rust-lang/crates.io-index"
checksum = "1508efa03c362e23817f96cde18abed596a25219a8b2c66e8db33c03543d315b"
dependencies = [
 "proc-macro2",
 "quote",
 "syn",
]

[[package]]
name = "spki"
version = "0.4.1"
source = "registry+https://github.com/rust-lang/crates.io-index"
checksum = "5c01a0c15da1b0b0e1494112e7af814a678fec9bd157881b49beac661e9b6f32"
dependencies = [
 "der 0.4.5",
]

[[package]]
name = "spki"
version = "0.5.4"
source = "registry+https://github.com/rust-lang/crates.io-index"
checksum = "44d01ac02a6ccf3e07db148d2be087da624fea0221a16152ed01f0496a6b0a27"
dependencies = [
 "base64ct",
 "der 0.5.1",
]

[[package]]
name = "static_assertions"
version = "1.1.0"
source = "registry+https://github.com/rust-lang/crates.io-index"
checksum = "a2eb9349b6444b326872e140eb1cf5e7c522154d69e7a0ffb0fb81c06b37543f"

[[package]]
name = "subtle"
version = "2.4.1"
source = "registry+https://github.com/rust-lang/crates.io-index"
checksum = "6bdef32e8150c2a081110b42772ffe7d7c9032b606bc226c8260fd97e0976601"

[[package]]
name = "syn"
version = "1.0.98"
source = "registry+https://github.com/rust-lang/crates.io-index"
checksum = "c50aef8a904de4c23c788f104b7dddc7d6f79c647c7c8ce4cc8f73eb0ca773dd"
dependencies = [
 "proc-macro2",
 "quote",
 "unicode-ident",
]

[[package]]
name = "tempfile"
version = "3.3.0"
source = "registry+https://github.com/rust-lang/crates.io-index"
checksum = "5cdb1ef4eaeeaddc8fbd371e5017057064af0911902ef36b39801f67cc6d79e4"
dependencies = [
 "cfg-if",
 "fastrand",
 "libc",
 "redox_syscall",
 "remove_dir_all",
 "winapi",
]

[[package]]
name = "terra-cosmwasm"
version = "2.2.0"
source = "registry+https://github.com/rust-lang/crates.io-index"
checksum = "552f18cba2b535d1f8c0e3b3f37696820b954bc7535d2e33909f2a6342302718"
dependencies = [
 "cosmwasm-std 0.16.7",
 "schemars",
 "serde",
]

[[package]]
name = "terraswap"
version = "2.7.0"
source = "registry+https://github.com/rust-lang/crates.io-index"
checksum = "13d4151fb37794dbae0a0be342fc8474566c7b5d1f3086cd96aea9b0d480b068"
dependencies = [
 "cosmwasm-std 1.0.0",
 "cosmwasm-storage 1.0.0",
 "cw20 0.13.4",
 "protobuf",
 "schemars",
 "serde",
]

[[package]]
name = "thiserror"
version = "1.0.31"
source = "registry+https://github.com/rust-lang/crates.io-index"
checksum = "bd829fe32373d27f76265620b5309d0340cb8550f523c1dda251d6298069069a"
dependencies = [
 "thiserror-impl",
]

[[package]]
name = "thiserror-impl"
version = "1.0.31"
source = "registry+https://github.com/rust-lang/crates.io-index"
checksum = "0396bc89e626244658bef819e22d0cc459e795a5ebe878e6ec336d1674a8d79a"
dependencies = [
 "proc-macro2",
 "quote",
 "syn",
]

[[package]]
name = "typenum"
version = "1.15.0"
source = "registry+https://github.com/rust-lang/crates.io-index"
checksum = "dcf81ac59edc17cc8697ff311e8f5ef2d99fcbd9817b34cec66f90b6c3dfd987"

[[package]]
name = "uint"
version = "0.9.3"
source = "registry+https://github.com/rust-lang/crates.io-index"
checksum = "12f03af7ccf01dd611cc450a0d10dbc9b745770d096473e2faf0ca6e2d66d1e0"
dependencies = [
 "byteorder",
 "crunchy",
 "hex",
 "static_assertions",
]

[[package]]
name = "unicode-ident"
version = "1.0.1"
source = "registry+https://github.com/rust-lang/crates.io-index"
checksum = "5bd2fe26506023ed7b5e1e315add59d6f584c621d037f9368fea9cfb988f368c"

[[package]]
name = "unindent"
version = "0.1.9"
source = "registry+https://github.com/rust-lang/crates.io-index"
checksum = "52fee519a3e570f7df377a06a1a7775cdbfb7aa460be7e08de2b1f0e69973a44"

[[package]]
name = "version_check"
version = "0.9.4"
source = "registry+https://github.com/rust-lang/crates.io-index"
checksum = "49874b5167b65d7193b8aba1567f5c7d93d001cafc34600cee003eda787e483f"

[[package]]
name = "voting-escrow"
version = "1.3.0"
source = "git+https://github.com/astroport-fi/astroport-governance.git?branch=main#5792ef11eaa94cbac6112a67088e19c88fb4f531"
dependencies = [
 "astroport-governance",
 "cosmwasm-std 1.0.0",
 "cw-storage-plus 0.13.4",
 "cw2 0.13.4",
 "cw20 0.13.4",
 "cw20-base",
 "schemars",
 "serde",
 "thiserror",
]

[[package]]
name = "wait-timeout"
version = "0.2.0"
source = "registry+https://github.com/rust-lang/crates.io-index"
checksum = "9f200f5b12eb75f8c1ed65abd4b2db8a6e1b138a20de009dacee265a2498f3f6"
dependencies = [
 "libc",
]

[[package]]
name = "wasi"
version = "0.9.0+wasi-snapshot-preview1"
source = "registry+https://github.com/rust-lang/crates.io-index"
checksum = "cccddf32554fecc6acb585f82a32a72e28b48f8c4c1883ddfeeeaa96f7d8e519"

[[package]]
name = "wasi"
version = "0.11.0+wasi-snapshot-preview1"
source = "registry+https://github.com/rust-lang/crates.io-index"
checksum = "9c8d87e72b64a3b4db28d11ce29237c246188f4f51057d65a7eab63b7987e423"

[[package]]
name = "winapi"
version = "0.3.9"
source = "registry+https://github.com/rust-lang/crates.io-index"
checksum = "5c839a674fcd7a98952e593242ea400abe93992746761e38641405d28b00f419"
dependencies = [
 "winapi-i686-pc-windows-gnu",
 "winapi-x86_64-pc-windows-gnu",
]

[[package]]
name = "winapi-i686-pc-windows-gnu"
version = "0.4.0"
source = "registry+https://github.com/rust-lang/crates.io-index"
checksum = "ac3b87c63620426dd9b991e5ce0329eff545bccbbb34f3be09ff6fb6ab51b7b6"

[[package]]
name = "winapi-x86_64-pc-windows-gnu"
version = "0.4.0"
source = "registry+https://github.com/rust-lang/crates.io-index"
checksum = "712e227841d057c1ee1cd2fb22fa7e5a5461ae8e48fa2ca79ec42cfc1931183f"

[[package]]
name = "zeroize"
version = "1.4.3"
source = "registry+https://github.com/rust-lang/crates.io-index"
checksum = "d68d9dcec5f9b43a30d38c49f91dfedfaac384cb8f085faca366c26207dd1619"
